
Microsoft Visual Studio Solution File, Format Version 12.00
# Visual Studio Version 17
VisualStudioVersion = 17.9.34407.89
MinimumVisualStudioVersion = 10.0.40219.1
Project("{9A19103F-16F7-4668-BE54-9A1E7A4F7556}") = "MSSeguimiento.Api", "MSSeguimiento.Api\MSSeguimiento.Api.csproj", "{95035471-B6EC-426F-B47F-A24512AA534D}"
EndProject
Project("{9A19103F-16F7-4668-BE54-9A1E7A4F7556}") = "MSSeguimiento.Core", "MSSeguimiento.Core\MSSeguimiento.Core.csproj", "{DEA263CC-94D3-4DE3-B0B1-6B0C028CA304}"
EndProject
Project("{9A19103F-16F7-4668-BE54-9A1E7A4F7556}") = "MSSeguimiento.Infra", "MSSeguimiento.Infra\MSSeguimiento.Infra.csproj", "{848560FC-AF3B-415C-85FD-9C6F398C5FB8}"
EndProject
Project("{9A19103F-16F7-4668-BE54-9A1E7A4F7556}") = "MSSeguimiento.Tests", "MSSeguimiento.Tests\MSSeguimiento.Tests.csproj", "{34984DFA-C960-4E87-A417-F0FA4F6DDDA2}"
EndProject
Global
	GlobalSection(SolutionConfigurationPlatforms) = preSolution
		Debug|Any CPU = Debug|Any CPU
		Release|Any CPU = Release|Any CPU
	EndGlobalSection
	GlobalSection(ProjectConfigurationPlatforms) = postSolution
		{95035471-B6EC-426F-B47F-A24512AA534D}.Debug|Any CPU.ActiveCfg = Debug|Any CPU
		{95035471-B6EC-426F-B47F-A24512AA534D}.Debug|Any CPU.Build.0 = Debug|Any CPU
		{95035471-B6EC-426F-B47F-A24512AA534D}.Release|Any CPU.ActiveCfg = Release|Any CPU
		{95035471-B6EC-426F-B47F-A24512AA534D}.Release|Any CPU.Build.0 = Release|Any CPU
		{DEA263CC-94D3-4DE3-B0B1-6B0C028CA304}.Debug|Any CPU.ActiveCfg = Debug|Any CPU
		{DEA263CC-94D3-4DE3-B0B1-6B0C028CA304}.Debug|Any CPU.Build.0 = Debug|Any CPU
		{DEA263CC-94D3-4DE3-B0B1-6B0C028CA304}.Release|Any CPU.ActiveCfg = Release|Any CPU
		{DEA263CC-94D3-4DE3-B0B1-6B0C028CA304}.Release|Any CPU.Build.0 = Release|Any CPU
		{848560FC-AF3B-415C-85FD-9C6F398C5FB8}.Debug|Any CPU.ActiveCfg = Debug|Any CPU
		{848560FC-AF3B-415C-85FD-9C6F398C5FB8}.Debug|Any CPU.Build.0 = Debug|Any CPU
		{848560FC-AF3B-415C-85FD-9C6F398C5FB8}.Release|Any CPU.ActiveCfg = Release|Any CPU
		{848560FC-AF3B-415C-85FD-9C6F398C5FB8}.Release|Any CPU.Build.0 = Release|Any CPU
		{34984DFA-C960-4E87-A417-F0FA4F6DDDA2}.Debug|Any CPU.ActiveCfg = Debug|Any CPU
		{34984DFA-C960-4E87-A417-F0FA4F6DDDA2}.Debug|Any CPU.Build.0 = Debug|Any CPU
		{34984DFA-C960-4E87-A417-F0FA4F6DDDA2}.Release|Any CPU.ActiveCfg = Release|Any CPU
		{34984DFA-C960-4E87-A417-F0FA4F6DDDA2}.Release|Any CPU.Build.0 = Release|Any CPU
	EndGlobalSection
	GlobalSection(SolutionProperties) = preSolution
		HideSolutionNode = FALSE
	EndGlobalSection
	GlobalSection(ExtensibilityGlobals) = postSolution
		SolutionGuid = {3750E275-C586-4094-A75F-D414D9B5A586}
	EndGlobalSection
EndGlobal
