
Microsoft Visual Studio Solution File, Format Version 12.00
# Visual Studio Version 17
VisualStudioVersion = 17.9.34616.47
MinimumVisualStudioVersion = 10.0.40219.1
Project("{9A19103F-16F7-4668-BE54-9A1E7A4F7556}") = "MSEntidad.Api", "MSEntidad.Api\MSEntidad.Api.csproj", "{EEF7F2E0-BB0C-424B-B454-3CA9E744BC91}"
EndProject
Project("{9A19103F-16F7-4668-BE54-9A1E7A4F7556}") = "MSEntidad.Core", "MSEntidad.Core\MSEntidad.Core.csproj", "{10FC3CB9-8B62-4601-962C-421C6C3591EA}"
EndProject
Project("{9A19103F-16F7-4668-BE54-9A1E7A4F7556}") = "MSEntidad.Infra", "MSEntidad.Infra\MSEntidad.Infra.csproj", "{B5271B5F-1678-4005-9843-A508C693328B}"
EndProject
Project("{9A19103F-16F7-4668-BE54-9A1E7A4F7556}") = "MSEntidad.Tests", "MSEntidad.Tests\MSEntidad.Tests.csproj", "{F7433D74-A06E-462A-B6BF-E71DB3B5717F}"
EndProject
Global
	GlobalSection(SolutionConfigurationPlatforms) = preSolution
		Debug|Any CPU = Debug|Any CPU
		Release|Any CPU = Release|Any CPU
	EndGlobalSection
	GlobalSection(ProjectConfigurationPlatforms) = postSolution
		{EEF7F2E0-BB0C-424B-B454-3CA9E744BC91}.Debug|Any CPU.ActiveCfg = Debug|Any CPU
		{EEF7F2E0-BB0C-424B-B454-3CA9E744BC91}.Debug|Any CPU.Build.0 = Debug|Any CPU
		{EEF7F2E0-BB0C-424B-B454-3CA9E744BC91}.Release|Any CPU.ActiveCfg = Release|Any CPU
		{EEF7F2E0-BB0C-424B-B454-3CA9E744BC91}.Release|Any CPU.Build.0 = Release|Any CPU
		{10FC3CB9-8B62-4601-962C-421C6C3591EA}.Debug|Any CPU.ActiveCfg = Debug|Any CPU
		{10FC3CB9-8B62-4601-962C-421C6C3591EA}.Debug|Any CPU.Build.0 = Debug|Any CPU
		{10FC3CB9-8B62-4601-962C-421C6C3591EA}.Release|Any CPU.ActiveCfg = Release|Any CPU
		{10FC3CB9-8B62-4601-962C-421C6C3591EA}.Release|Any CPU.Build.0 = Release|Any CPU
		{B5271B5F-1678-4005-9843-A508C693328B}.Debug|Any CPU.ActiveCfg = Debug|Any CPU
		{B5271B5F-1678-4005-9843-A508C693328B}.Debug|Any CPU.Build.0 = Debug|Any CPU
		{B5271B5F-1678-4005-9843-A508C693328B}.Release|Any CPU.ActiveCfg = Release|Any CPU
		{B5271B5F-1678-4005-9843-A508C693328B}.Release|Any CPU.Build.0 = Release|Any CPU
		{F7433D74-A06E-462A-B6BF-E71DB3B5717F}.Debug|Any CPU.ActiveCfg = Debug|Any CPU
		{F7433D74-A06E-462A-B6BF-E71DB3B5717F}.Debug|Any CPU.Build.0 = Debug|Any CPU
		{F7433D74-A06E-462A-B6BF-E71DB3B5717F}.Release|Any CPU.ActiveCfg = Release|Any CPU
		{F7433D74-A06E-462A-B6BF-E71DB3B5717F}.Release|Any CPU.Build.0 = Release|Any CPU
	EndGlobalSection
	GlobalSection(SolutionProperties) = preSolution
		HideSolutionNode = FALSE
	EndGlobalSection
	GlobalSection(ExtensibilityGlobals) = postSolution
		SolutionGuid = {AB9FD7C3-E348-44F7-8E86-E206899AB66A}
	EndGlobalSection
EndGlobal
