
Microsoft Visual Studio Solution File, Format Version 12.00
# Visual Studio Version 17
VisualStudioVersion = 17.9.34616.47
MinimumVisualStudioVersion = 10.0.40219.1
Project("{9A19103F-16F7-4668-BE54-9A1E7A4F7556}") = "MSEntidad.Api", "MSEntidad.Api\MSEntidad.Api.csproj", "{E4F5CFC9-6444-419F-B03F-5F082824B00E}"
EndProject
Project("{9A19103F-16F7-4668-BE54-9A1E7A4F7556}") = "MSEntidad.Core", "MSEntidad.Core\MSEntidad.Core.csproj", "{FF0C1B80-5A14-4783-B2CB-AAEF44E8967D}"
EndProject
Project("{9A19103F-16F7-4668-BE54-9A1E7A4F7556}") = "MSEntidad.Infra", "MSEntidad.Infra\MSEntidad.Infra.csproj", "{F6783701-D1C5-476E-9AB1-AD2566DFA7D3}"
EndProject
Project("{9A19103F-16F7-4668-BE54-9A1E7A4F7556}") = "MSEntidad.Tests", "MSEntidad.Tests\MSEntidad.Tests.csproj", "{C0BDA9EA-734D-4081-A010-8617CF85CE78}"
EndProject
Global
	GlobalSection(SolutionConfigurationPlatforms) = preSolution
		Debug|Any CPU = Debug|Any CPU
		Release|Any CPU = Release|Any CPU
	EndGlobalSection
	GlobalSection(ProjectConfigurationPlatforms) = postSolution
		{E4F5CFC9-6444-419F-B03F-5F082824B00E}.Debug|Any CPU.ActiveCfg = Debug|Any CPU
		{E4F5CFC9-6444-419F-B03F-5F082824B00E}.Debug|Any CPU.Build.0 = Debug|Any CPU
		{E4F5CFC9-6444-419F-B03F-5F082824B00E}.Release|Any CPU.ActiveCfg = Release|Any CPU
		{E4F5CFC9-6444-419F-B03F-5F082824B00E}.Release|Any CPU.Build.0 = Release|Any CPU
		{FF0C1B80-5A14-4783-B2CB-AAEF44E8967D}.Debug|Any CPU.ActiveCfg = Debug|Any CPU
		{FF0C1B80-5A14-4783-B2CB-AAEF44E8967D}.Debug|Any CPU.Build.0 = Debug|Any CPU
		{FF0C1B80-5A14-4783-B2CB-AAEF44E8967D}.Release|Any CPU.ActiveCfg = Release|Any CPU
		{FF0C1B80-5A14-4783-B2CB-AAEF44E8967D}.Release|Any CPU.Build.0 = Release|Any CPU
		{F6783701-D1C5-476E-9AB1-AD2566DFA7D3}.Debug|Any CPU.ActiveCfg = Debug|Any CPU
		{F6783701-D1C5-476E-9AB1-AD2566DFA7D3}.Debug|Any CPU.Build.0 = Debug|Any CPU
		{F6783701-D1C5-476E-9AB1-AD2566DFA7D3}.Release|Any CPU.ActiveCfg = Release|Any CPU
		{F6783701-D1C5-476E-9AB1-AD2566DFA7D3}.Release|Any CPU.Build.0 = Release|Any CPU
		{C0BDA9EA-734D-4081-A010-8617CF85CE78}.Debug|Any CPU.ActiveCfg = Debug|Any CPU
		{C0BDA9EA-734D-4081-A010-8617CF85CE78}.Debug|Any CPU.Build.0 = Debug|Any CPU
		{C0BDA9EA-734D-4081-A010-8617CF85CE78}.Release|Any CPU.ActiveCfg = Release|Any CPU
		{C0BDA9EA-734D-4081-A010-8617CF85CE78}.Release|Any CPU.Build.0 = Release|Any CPU
	EndGlobalSection
	GlobalSection(SolutionProperties) = preSolution
		HideSolutionNode = FALSE
	EndGlobalSection
	GlobalSection(ExtensibilityGlobals) = postSolution
		SolutionGuid = {AB9FD7C3-E348-44F7-8E86-E206899AB66A}
	EndGlobalSection
EndGlobal
